// !$*UTF8*$!
{
	archiveVersion = 1;
	classes = {
	};
	objectVersion = 50;
	objects = {

/* Begin PBXBuildFile section */
		7B2AD7042472870D008DBB5D /* AppDelegate.swift in Sources */ = {isa = PBXBuildFile; fileRef = 7B2AD7032472870D008DBB5D /* AppDelegate.swift */; };
		7B2AD7062472870D008DBB5D /* SceneDelegate.swift in Sources */ = {isa = PBXBuildFile; fileRef = 7B2AD7052472870D008DBB5D /* SceneDelegate.swift */; };
		7B2AD7082472870D008DBB5D /* ViewController.swift in Sources */ = {isa = PBXBuildFile; fileRef = 7B2AD7072472870D008DBB5D /* ViewController.swift */; };
		7B2AD70B2472870D008DBB5D /* Main.storyboard in Resources */ = {isa = PBXBuildFile; fileRef = 7B2AD7092472870D008DBB5D /* Main.storyboard */; };
		7B2AD70D2472870E008DBB5D /* Assets.xcassets in Resources */ = {isa = PBXBuildFile; fileRef = 7B2AD70C2472870E008DBB5D /* Assets.xcassets */; };
		7B2AD7102472870E008DBB5D /* LaunchScreen.storyboard in Resources */ = {isa = PBXBuildFile; fileRef = 7B2AD70E2472870E008DBB5D /* LaunchScreen.storyboard */; };
		7B2AD718247287F0008DBB5D /* test1.swift in Sources */ = {isa = PBXBuildFile; fileRef = 7B2AD717247287F0008DBB5D /* test1.swift */; };
		7B2AD71A247287FD008DBB5D /* test2_1.swift in Sources */ = {isa = PBXBuildFile; fileRef = 7B2AD719247287FD008DBB5D /* test2_1.swift */; };
		7B2AD71C24728908008DBB5D /* LWFMasaikeView.swift in Sources */ = {isa = PBXBuildFile; fileRef = 7B2AD71B24728908008DBB5D /* LWFMasaikeView.swift */; };
		7B2AD71E2473D96B008DBB5D /* Image@2x.png in Resources */ = {isa = PBXBuildFile; fileRef = 7B2AD71D2473D96B008DBB5D /* Image@2x.png */; };
		7B2AD72024767FB9008DBB5D /* test2.swift in Sources */ = {isa = PBXBuildFile; fileRef = 7B2AD71F24767FB9008DBB5D /* test2.swift */; };
/* End PBXBuildFile section */

/* Begin PBXFileReference section */
		7B2AD7002472870D008DBB5D /* 图像处理.app */ = {isa = PBXFileReference; explicitFileType = wrapper.application; includeInIndex = 0; path = "图像处理.app"; sourceTree = BUILT_PRODUCTS_DIR; };
		7B2AD7032472870D008DBB5D /* AppDelegate.swift */ = {isa = PBXFileReference; lastKnownFileType = sourcecode.swift; path = AppDelegate.swift; sourceTree = "<group>"; };
		7B2AD7052472870D008DBB5D /* SceneDelegate.swift */ = {isa = PBXFileReference; lastKnownFileType = sourcecode.swift; path = SceneDelegate.swift; sourceTree = "<group>"; };
		7B2AD7072472870D008DBB5D /* ViewController.swift */ = {isa = PBXFileReference; lastKnownFileType = sourcecode.swift; path = ViewController.swift; sourceTree = "<group>"; };
		7B2AD70A2472870D008DBB5D /* Base */ = {isa = PBXFileReference; lastKnownFileType = file.storyboard; name = Base; path = Base.lproj/Main.storyboard; sourceTree = "<group>"; };
		7B2AD70C2472870E008DBB5D /* Assets.xcassets */ = {isa = PBXFileReference; lastKnownFileType = folder.assetcatalog; path = Assets.xcassets; sourceTree = "<group>"; };
		7B2AD70F2472870E008DBB5D /* Base */ = {isa = PBXFileReference; lastKnownFileType = file.storyboard; name = Base; path = Base.lproj/LaunchScreen.storyboard; sourceTree = "<group>"; };
		7B2AD7112472870E008DBB5D /* Info.plist */ = {isa = PBXFileReference; lastKnownFileType = text.plist.xml; path = Info.plist; sourceTree = "<group>"; };
		7B2AD717247287F0008DBB5D /* test1.swift */ = {isa = PBXFileReference; lastKnownFileType = sourcecode.swift; path = test1.swift; sourceTree = "<group>"; };
		7B2AD719247287FD008DBB5D /* test2_1.swift */ = {isa = PBXFileReference; lastKnownFileType = sourcecode.swift; path = test2_1.swift; sourceTree = "<group>"; };
		7B2AD71B24728908008DBB5D /* LWFMasaikeView.swift */ = {isa = PBXFileReference; lastKnownFileType = sourcecode.swift; path = LWFMasaikeView.swift; sourceTree = "<group>"; };
		7B2AD71D2473D96B008DBB5D /* Image@2x.png */ = {isa = PBXFileReference; lastKnownFileType = image.png; path = "Image@2x.png"; sourceTree = "<group>"; };
		7B2AD71F24767FB9008DBB5D /* test2.swift */ = {isa = PBXFileReference; lastKnownFileType = sourcecode.swift; path = test2.swift; sourceTree = "<group>"; };
/* End PBXFileReference section */

/* Begin PBXFrameworksBuildPhase section */
		7B2AD6FD2472870D008DBB5D /* Frameworks */ = {
			isa = PBXFrameworksBuildPhase;
			buildActionMask = 2147483647;
			files = (
			);
			runOnlyForDeploymentPostprocessing = 0;
		};
/* End PBXFrameworksBuildPhase section */

/* Begin PBXGroup section */
		7B2AD6F72472870D008DBB5D = {
			isa = PBXGroup;
			children = (
				7B2AD7022472870D008DBB5D /* 图像处理 */,
				7B2AD7012472870D008DBB5D /* Products */,
			);
			sourceTree = "<group>";
		};
		7B2AD7012472870D008DBB5D /* Products */ = {
			isa = PBXGroup;
			children = (
				7B2AD7002472870D008DBB5D /* 图像处理.app */,
			);
			name = Products;
			sourceTree = "<group>";
		};
		7B2AD7022472870D008DBB5D /* 图像处理 */ = {
			isa = PBXGroup;
			children = (
				7B2AD71B24728908008DBB5D /* LWFMasaikeView.swift */,
				7B2AD71D2473D96B008DBB5D /* Image@2x.png */,
				7B2AD7032472870D008DBB5D /* AppDelegate.swift */,
				7B2AD7052472870D008DBB5D /* SceneDelegate.swift */,
				7B2AD7072472870D008DBB5D /* ViewController.swift */,
				7B2AD717247287F0008DBB5D /* test1.swift */,
				7B2AD71F24767FB9008DBB5D /* test2.swift */,
				7B2AD719247287FD008DBB5D /* test2_1.swift */,
				7B2AD7092472870D008DBB5D /* Main.storyboard */,
				7B2AD70C2472870E008DBB5D /* Assets.xcassets */,
				7B2AD70E2472870E008DBB5D /* LaunchScreen.storyboard */,
				7B2AD7112472870E008DBB5D /* Info.plist */,
			);
			path = "图像处理";
			sourceTree = "<group>";
		};
/* End PBXGroup section */

/* Begin PBXNativeTarget section */
		7B2AD6FF2472870D008DBB5D /* 图像处理 */ = {
			isa = PBXNativeTarget;
			buildConfigurationList = 7B2AD7142472870E008DBB5D /* Build configuration list for PBXNativeTarget "图像处理" */;
			buildPhases = (
				7B2AD6FC2472870D008DBB5D /* Sources */,
				7B2AD6FD2472870D008DBB5D /* Frameworks */,
				7B2AD6FE2472870D008DBB5D /* Resources */,
			);
			buildRules = (
			);
			dependencies = (
			);
			name = "图像处理";
			productName = "图像处理";
			productReference = 7B2AD7002472870D008DBB5D /* 图像处理.app */;
			productType = "com.apple.product-type.application";
		};
/* End PBXNativeTarget section */

/* Begin PBXProject section */
		7B2AD6F82472870D008DBB5D /* Project object */ = {
			isa = PBXProject;
			attributes = {
				LastSwiftUpdateCheck = 1120;
				LastUpgradeCheck = 1120;
				ORGANIZATIONNAME = "李维峰";
				TargetAttributes = {
					7B2AD6FF2472870D008DBB5D = {
						CreatedOnToolsVersion = 11.2.1;
					};
				};
			};
			buildConfigurationList = 7B2AD6FB2472870D008DBB5D /* Build configuration list for PBXProject "图像处理" */;
			compatibilityVersion = "Xcode 9.3";
			developmentRegion = en;
			hasScannedForEncodings = 0;
			knownRegions = (
				en,
				Base,
			);
			mainGroup = 7B2AD6F72472870D008DBB5D;
			productRefGroup = 7B2AD7012472870D008DBB5D /* Products */;
			projectDirPath = "";
			projectRoot = "";
			targets = (
				7B2AD6FF2472870D008DBB5D /* 图像处理 */,
			);
		};
/* End PBXProject section */

/* Begin PBXResourcesBuildPhase section */
		7B2AD6FE2472870D008DBB5D /* Resources */ = {
			isa = PBXResourcesBuildPhase;
			buildActionMask = 2147483647;
			files = (
				7B2AD71E2473D96B008DBB5D /* Image@2x.png in Resources */,
				7B2AD7102472870E008DBB5D /* LaunchScreen.storyboard in Resources */,
				7B2AD70D2472870E008DBB5D /* Assets.xcassets in Resources */,
				7B2AD70B2472870D008DBB5D /* Main.storyboard in Resources */,
			);
			runOnlyForDeploymentPostprocessing = 0;
		};
/* End PBXResourcesBuildPhase section */

/* Begin PBXSourcesBuildPhase section */
		7B2AD6FC2472870D008DBB5D /* Sources */ = {
			isa = PBXSourcesBuildPhase;
			buildActionMask = 2147483647;
			files = (
				7B2AD7082472870D008DBB5D /* ViewController.swift in Sources */,
				7B2AD7042472870D008DBB5D /* AppDelegate.swift in Sources */,
				7B2AD71C24728908008DBB5D /* LWFMasaikeView.swift in Sources */,
				7B2AD7062472870D008DBB5D /* SceneDelegate.swift in Sources */,
				7B2AD718247287F0008DBB5D /* test1.swift in Sources */,
				7B2AD71A247287FD008DBB5D /* test2_1.swift in Sources */,
				7B2AD72024767FB9008DBB5D /* test2.swift in Sources */,
			);
			runOnlyForDeploymentPostprocessing = 0;
		};
/* End PBXSourcesBuildPhase section */

/* Begin PBXVariantGroup section */
		7B2AD7092472870D008DBB5D /* Main.storyboard */ = {
			isa = PBXVariantGroup;
			children = (
				7B2AD70A2472870D008DBB5D /* Base */,
			);
			name = Main.storyboard;
			sourceTree = "<group>";
		};
		7B2AD70E2472870E008DBB5D /* LaunchScreen.storyboard */ = {
			isa = PBXVariantGroup;
			children = (
				7B2AD70F2472870E008DBB5D /* Base */,
			);
			name = LaunchScreen.storyboard;
			sourceTree = "<group>";
		};
/* End PBXVariantGroup section */

/* Begin XCBuildConfiguration section */
		7B2AD7122472870E008DBB5D /* Debug */ = {
			isa = XCBuildConfiguration;
			buildSettings = {
				ALWAYS_SEARCH_USER_PATHS = NO;
				CLANG_ANALYZER_NONNULL = YES;
				CLANG_ANALYZER_NUMBER_OBJECT_CONVERSION = YES_AGGRESSIVE;
				CLANG_CXX_LANGUAGE_STANDARD = "gnu++14";
				CLANG_CXX_LIBRARY = "libc++";
				CLANG_ENABLE_MODULES = YES;
				CLANG_ENABLE_OBJC_ARC = YES;
				CLANG_ENABLE_OBJC_WEAK = YES;
				CLANG_WARN_BLOCK_CAPTURE_AUTORELEASING = YES;
				CLANG_WARN_BOOL_CONVERSION = YES;
				CLANG_WARN_COMMA = YES;
				CLANG_WARN_CONSTANT_CONVERSION = YES;
				CLANG_WARN_DEPRECATED_OBJC_IMPLEMENTATIONS = YES;
				CLANG_WARN_DIRECT_OBJC_ISA_USAGE = YES_ERROR;
				CLANG_WARN_DOCUMENTATION_COMMENTS = YES;
				CLANG_WARN_EMPTY_BODY = YES;
				CLANG_WARN_ENUM_CONVERSION = YES;
				CLANG_WARN_INFINITE_RECURSION = YES;
				CLANG_WARN_INT_CONVERSION = YES;
				CLANG_WARN_NON_LITERAL_NULL_CONVERSION = YES;
				CLANG_WARN_OBJC_IMPLICIT_RETAIN_SELF = YES;
				CLANG_WARN_OBJC_LITERAL_CONVERSION = YES;
				CLANG_WARN_OBJC_ROOT_CLASS = YES_ERROR;
				CLANG_WARN_RANGE_LOOP_ANALYSIS = YES;
				CLANG_WARN_STRICT_PROTOTYPES = YES;
				CLANG_WARN_SUSPICIOUS_MOVE = YES;
				CLANG_WARN_UNGUARDED_AVAILABILITY = YES_AGGRESSIVE;
				CLANG_WARN_UNREACHABLE_CODE = YES;
				CLANG_WARN__DUPLICATE_METHOD_MATCH = YES;
				COPY_PHASE_STRIP = NO;
				DEBUG_INFORMATION_FORMAT = dwarf;
				ENABLE_STRICT_OBJC_MSGSEND = YES;
				ENABLE_TESTABILITY = YES;
				GCC_C_LANGUAGE_STANDARD = gnu11;
				GCC_DYNAMIC_NO_PIC = NO;
				GCC_NO_COMMON_BLOCKS = YES;
				GCC_OPTIMIZATION_LEVEL = 0;
				GCC_PREPROCESSOR_DEFINITIONS = (
					"DEBUG=1",
					"$(inherited)",
				);
				GCC_WARN_64_TO_32_BIT_CONVERSION = YES;
				GCC_WARN_ABOUT_RETURN_TYPE = YES_ERROR;
				GCC_WARN_UNDECLARED_SELECTOR = YES;
				GCC_WARN_UNINITIALIZED_AUTOS = YES_AGGRESSIVE;
				GCC_WARN_UNUSED_FUNCTION = YES;
				GCC_WARN_UNUSED_VARIABLE = YES;
				IPHONEOS_DEPLOYMENT_TARGET = 13.2;
				MTL_ENABLE_DEBUG_INFO = INCLUDE_SOURCE;
				MTL_FAST_MATH = YES;
				ONLY_ACTIVE_ARCH = YES;
				SDKROOT = iphoneos;
				SWIFT_ACTIVE_COMPILATION_CONDITIONS = DEBUG;
				SWIFT_OPTIMIZATION_LEVEL = "-Onone";
			};
			name = Debug;
		};
		7B2AD7132472870E008DBB5D /* Release */ = {
			isa = XCBuildConfiguration;
			buildSettings = {
				ALWAYS_SEARCH_USER_PATHS = NO;
				CLANG_ANALYZER_NONNULL = YES;
				CLANG_ANALYZER_NUMBER_OBJECT_CONVERSION = YES_AGGRESSIVE;
				CLANG_CXX_LANGUAGE_STANDARD = "gnu++14";
				CLANG_CXX_LIBRARY = "libc++";
				CLANG_ENABLE_MODULES = YES;
				CLANG_ENABLE_OBJC_ARC = YES;
				CLANG_ENABLE_OBJC_WEAK = YES;
				CLANG_WARN_BLOCK_CAPTURE_AUTORELEASING = YES;
				CLANG_WARN_BOOL_CONVERSION = YES;
				CLANG_WARN_COMMA = YES;
				CLANG_WARN_CONSTANT_CONVERSION = YES;
				CLANG_WARN_DEPRECATED_OBJC_IMPLEMENTATIONS = YES;
				CLANG_WARN_DIRECT_OBJC_ISA_USAGE = YES_ERROR;
				CLANG_WARN_DOCUMENTATION_COMMENTS = YES;
				CLANG_WARN_EMPTY_BODY = YES;
				CLANG_WARN_ENUM_CONVERSION = YES;
				CLANG_WARN_INFINITE_RECURSION = YES;
				CLANG_WARN_INT_CONVERSION = YES;
				CLANG_WARN_NON_LITERAL_NULL_CONVERSION = YES;
				CLANG_WARN_OBJC_IMPLICIT_RETAIN_SELF = YES;
				CLANG_WARN_OBJC_LITERAL_CONVERSION = YES;
				CLANG_WARN_OBJC_ROOT_CLASS = YES_ERROR;
				CLANG_WARN_RANGE_LOOP_ANALYSIS = YES;
				CLANG_WARN_STRICT_PROTOTYPES = YES;
				CLANG_WARN_SUSPICIOUS_MOVE = YES;
				CLANG_WARN_UNGUARDED_AVAILABILITY = YES_AGGRESSIVE;
				CLANG_WARN_UNREACHABLE_CODE = YES;
				CLANG_WARN__DUPLICATE_METHOD_MATCH = YES;
				COPY_PHASE_STRIP = NO;
				DEBUG_INFORMATION_FORMAT = "dwarf-with-dsym";
				ENABLE_NS_ASSERTIONS = NO;
				ENABLE_STRICT_OBJC_MSGSEND = YES;
				GCC_C_LANGUAGE_STANDARD = gnu11;
				GCC_NO_COMMON_BLOCKS = YES;
				GCC_WARN_64_TO_32_BIT_CONVERSION = YES;
				GCC_WARN_ABOUT_RETURN_TYPE = YES_ERROR;
				GCC_WARN_UNDECLARED_SELECTOR = YES;
				GCC_WARN_UNINITIALIZED_AUTOS = YES_AGGRESSIVE;
				GCC_WARN_UNUSED_FUNCTION = YES;
				GCC_WARN_UNUSED_VARIABLE = YES;
				IPHONEOS_DEPLOYMENT_TARGET = 13.2;
				MTL_ENABLE_DEBUG_INFO = NO;
				MTL_FAST_MATH = YES;
				SDKROOT = iphoneos;
				SWIFT_COMPILATION_MODE = wholemodule;
				SWIFT_OPTIMIZATION_LEVEL = "-O";
				VALIDATE_PRODUCT = YES;
			};
			name = Release;
		};
		7B2AD7152472870E008DBB5D /* Debug */ = {
			isa = XCBuildConfiguration;
			buildSettings = {
				ASSETCATALOG_COMPILER_APPICON_NAME = AppIcon;
				CODE_SIGN_STYLE = Automatic;
				DEVELOPMENT_TEAM = P59US7Y94S;
				INFOPLIST_FILE = "图像处理/Info.plist";
				LD_RUNPATH_SEARCH_PATHS = (
					"$(inherited)",
					"@executable_path/Frameworks",
				);
				PRODUCT_BUNDLE_IDENTIFIER = "oppo.----";
				PRODUCT_NAME = "$(TARGET_NAME)";
				SWIFT_VERSION = 5.0;
				TARGETED_DEVICE_FAMILY = "1,2";
			};
			name = Debug;
		};
		7B2AD7162472870E008DBB5D /* Release */ = {
			isa = XCBuildConfiguration;
			buildSettings = {
				ASSETCATALOG_COMPILER_APPICON_NAME = AppIcon;
				CODE_SIGN_STYLE = Automatic;
				DEVELOPMENT_TEAM = P59US7Y94S;
				INFOPLIST_FILE = "图像处理/Info.plist";
				LD_RUNPATH_SEARCH_PATHS = (
					"$(inherited)",
					"@executable_path/Frameworks",
				);
				PRODUCT_BUNDLE_IDENTIFIER = "oppo.----";
				PRODUCT_NAME = "$(TARGET_NAME)";
				SWIFT_VERSION = 5.0;
				TARGETED_DEVICE_FAMILY = "1,2";
			};
			name = Release;
		};
/* End XCBuildConfiguration section */

/* Begin XCConfigurationList section */
		7B2AD6FB2472870D008DBB5D /* Build configuration list for PBXProject "图像处理" */ = {
			isa = XCConfigurationList;
			buildConfigurations = (
				7B2AD7122472870E008DBB5D /* Debug */,
				7B2AD7132472870E008DBB5D /* Release */,
			);
			defaultConfigurationIsVisible = 0;
			defaultConfigurationName = Release;
		};
		7B2AD7142472870E008DBB5D /* Build configuration list for PBXNativeTarget "图像处理" */ = {
			isa = XCConfigurationList;
			buildConfigurations = (
				7B2AD7152472870E008DBB5D /* Debug */,
				7B2AD7162472870E008DBB5D /* Release */,
			);
			defaultConfigurationIsVisible = 0;
			defaultConfigurationName = Release;
		};
/* End XCConfigurationList section */
	};
	rootObject = 7B2AD6F82472870D008DBB5D /* Project object */;
}
